
Microsoft Visual Studio Solution File, Format Version 12.00
# Visual Studio Version 16
VisualStudioVersion = 16.0.29306.81
MinimumVisualStudioVersion = 10.0.40219.1
Project("{9A19103F-16F7-4668-BE54-9A1E7A4F7556}") = "DtoEntity", "Entities\DtoEntity.csproj", "{66A3A987-2D39-4E22-851A-89D9A2935523}"
EndProject
Project("{9A19103F-16F7-4668-BE54-9A1E7A4F7556}") = "Host", "Host\Host.csproj", "{68CE29A1-67C6-40F7-B056-17D20EBEF649}"
EndProject
Project("{9A19103F-16F7-4668-BE54-9A1E7A4F7556}") = "DataEntity", "DataEntities\DataEntity.csproj", "{3CCE9936-6100-4386-9407-77F1F805DA48}"
EndProject
Project("{9A19103F-16F7-4668-BE54-9A1E7A4F7556}") = "Logic", "Logic\Logic.csproj", "{5A4BF3A7-83B1-473C-B0CD-24BDAD9BE524}"
EndProject
Project("{9A19103F-16F7-4668-BE54-9A1E7A4F7556}") = "RepositoryInterface", "RepositoryInterfaces\RepositoryInterface.csproj", "{63ACBA23-6C26-4031-9A26-6179DC87E481}"
EndProject
Project("{9A19103F-16F7-4668-BE54-9A1E7A4F7556}") = "DataSingleton", "Singleton\DataSingleton.csproj", "{13A58DB1-A4EA-4BDA-9C35-24EDB201F357}"
EndProject
Project("{9A19103F-16F7-4668-BE54-9A1E7A4F7556}") = "MongoDB", "MongoDB\MongoDB.csproj", "{E7BBA38A-9EFD-4497-8A83-70D3B09998FE}"
EndProject
Project("{9A19103F-16F7-4668-BE54-9A1E7A4F7556}") = "Common", "Common\Common.csproj", "{42ED980D-EE41-417C-A95F-FD0EBEA50AFD}"
EndProject
Project("{2150E333-8FDC-42A3-9474-1A3956D46DE8}") = "Controller", "Controller", "{8C9B9984-5019-42EB-983B-F9CB9A2EC3DE}"
EndProject
Project("{2150E333-8FDC-42A3-9474-1A3956D46DE8}") = "Data", "Data", "{146A0C72-FD98-41D3-99B6-5B450ECFDB42}"
EndProject
Project("{2150E333-8FDC-42A3-9474-1A3956D46DE8}") = "Logics", "Logics", "{FB5378A2-B86B-4A37-8855-CDF64D3807EA}"
EndProject
Project("{2150E333-8FDC-42A3-9474-1A3956D46DE8}") = "Util", "Util", "{E29BD0B7-4EDE-43CF-9935-EBC9AF9BE92B}"
EndProject
Project("{9A19103F-16F7-4668-BE54-9A1E7A4F7556}") = "LogicSingleton", "LogicSingleton\LogicSingleton.csproj", "{54FEE519-BBEF-46D5-9774-807CD12A475F}"
EndProject
Project("{9A19103F-16F7-4668-BE54-9A1E7A4F7556}") = "TestCommon", "TestCommon\TestCommon.csproj", "{5BC3C686-D9F7-4F7A-86D2-601505E7B7BC}"
EndProject
Project("{9A19103F-16F7-4668-BE54-9A1E7A4F7556}") = "TestDataEntity", "TestDataEntity\TestDataEntity.csproj", "{5C26D31C-F802-4B03-A426-27DF657F87A3}"
EndProject
Project("{FAE04EC0-301F-11D3-BF4B-00C04F79EFBC}") = "TestDataSingleton", "TestDataSingleton\TestDataSingleton.csproj", "{80AFDE33-7C06-4B86-84BD-A48B815DC781}"
EndProject
Global
	GlobalSection(SolutionConfigurationPlatforms) = preSolution
		Debug|Any CPU = Debug|Any CPU
		Release|Any CPU = Release|Any CPU
	EndGlobalSection
	GlobalSection(ProjectConfigurationPlatforms) = postSolution
		{66A3A987-2D39-4E22-851A-89D9A2935523}.Debug|Any CPU.ActiveCfg = Debug|Any CPU
		{66A3A987-2D39-4E22-851A-89D9A2935523}.Debug|Any CPU.Build.0 = Debug|Any CPU
		{66A3A987-2D39-4E22-851A-89D9A2935523}.Release|Any CPU.ActiveCfg = Release|Any CPU
		{66A3A987-2D39-4E22-851A-89D9A2935523}.Release|Any CPU.Build.0 = Release|Any CPU
		{68CE29A1-67C6-40F7-B056-17D20EBEF649}.Debug|Any CPU.ActiveCfg = Debug|Any CPU
		{68CE29A1-67C6-40F7-B056-17D20EBEF649}.Debug|Any CPU.Build.0 = Debug|Any CPU
		{68CE29A1-67C6-40F7-B056-17D20EBEF649}.Release|Any CPU.ActiveCfg = Release|Any CPU
		{68CE29A1-67C6-40F7-B056-17D20EBEF649}.Release|Any CPU.Build.0 = Release|Any CPU
		{3CCE9936-6100-4386-9407-77F1F805DA48}.Debug|Any CPU.ActiveCfg = Debug|Any CPU
		{3CCE9936-6100-4386-9407-77F1F805DA48}.Debug|Any CPU.Build.0 = Debug|Any CPU
		{3CCE9936-6100-4386-9407-77F1F805DA48}.Release|Any CPU.ActiveCfg = Release|Any CPU
		{3CCE9936-6100-4386-9407-77F1F805DA48}.Release|Any CPU.Build.0 = Release|Any CPU
		{5A4BF3A7-83B1-473C-B0CD-24BDAD9BE524}.Debug|Any CPU.ActiveCfg = Debug|Any CPU
		{5A4BF3A7-83B1-473C-B0CD-24BDAD9BE524}.Debug|Any CPU.Build.0 = Debug|Any CPU
		{5A4BF3A7-83B1-473C-B0CD-24BDAD9BE524}.Release|Any CPU.ActiveCfg = Release|Any CPU
		{5A4BF3A7-83B1-473C-B0CD-24BDAD9BE524}.Release|Any CPU.Build.0 = Release|Any CPU
		{63ACBA23-6C26-4031-9A26-6179DC87E481}.Debug|Any CPU.ActiveCfg = Debug|Any CPU
		{63ACBA23-6C26-4031-9A26-6179DC87E481}.Debug|Any CPU.Build.0 = Debug|Any CPU
		{63ACBA23-6C26-4031-9A26-6179DC87E481}.Release|Any CPU.ActiveCfg = Release|Any CPU
		{63ACBA23-6C26-4031-9A26-6179DC87E481}.Release|Any CPU.Build.0 = Release|Any CPU
		{13A58DB1-A4EA-4BDA-9C35-24EDB201F357}.Debug|Any CPU.ActiveCfg = Debug|Any CPU
		{13A58DB1-A4EA-4BDA-9C35-24EDB201F357}.Debug|Any CPU.Build.0 = Debug|Any CPU
		{13A58DB1-A4EA-4BDA-9C35-24EDB201F357}.Release|Any CPU.ActiveCfg = Release|Any CPU
		{13A58DB1-A4EA-4BDA-9C35-24EDB201F357}.Release|Any CPU.Build.0 = Release|Any CPU
		{E7BBA38A-9EFD-4497-8A83-70D3B09998FE}.Debug|Any CPU.ActiveCfg = Debug|Any CPU
		{E7BBA38A-9EFD-4497-8A83-70D3B09998FE}.Debug|Any CPU.Build.0 = Debug|Any CPU
		{E7BBA38A-9EFD-4497-8A83-70D3B09998FE}.Release|Any CPU.ActiveCfg = Release|Any CPU
		{E7BBA38A-9EFD-4497-8A83-70D3B09998FE}.Release|Any CPU.Build.0 = Release|Any CPU
		{42ED980D-EE41-417C-A95F-FD0EBEA50AFD}.Debug|Any CPU.ActiveCfg = Debug|Any CPU
		{42ED980D-EE41-417C-A95F-FD0EBEA50AFD}.Debug|Any CPU.Build.0 = Debug|Any CPU
		{42ED980D-EE41-417C-A95F-FD0EBEA50AFD}.Release|Any CPU.ActiveCfg = Release|Any CPU
		{42ED980D-EE41-417C-A95F-FD0EBEA50AFD}.Release|Any CPU.Build.0 = Release|Any CPU
		{54FEE519-BBEF-46D5-9774-807CD12A475F}.Debug|Any CPU.ActiveCfg = Debug|Any CPU
		{54FEE519-BBEF-46D5-9774-807CD12A475F}.Debug|Any CPU.Build.0 = Debug|Any CPU
		{54FEE519-BBEF-46D5-9774-807CD12A475F}.Release|Any CPU.ActiveCfg = Release|Any CPU
		{54FEE519-BBEF-46D5-9774-807CD12A475F}.Release|Any CPU.Build.0 = Release|Any CPU
		{5BC3C686-D9F7-4F7A-86D2-601505E7B7BC}.Debug|Any CPU.ActiveCfg = Debug|Any CPU
		{5BC3C686-D9F7-4F7A-86D2-601505E7B7BC}.Debug|Any CPU.Build.0 = Debug|Any CPU
		{5BC3C686-D9F7-4F7A-86D2-601505E7B7BC}.Release|Any CPU.ActiveCfg = Release|Any CPU
		{5BC3C686-D9F7-4F7A-86D2-601505E7B7BC}.Release|Any CPU.Build.0 = Release|Any CPU
		{5C26D31C-F802-4B03-A426-27DF657F87A3}.Debug|Any CPU.ActiveCfg = Debug|Any CPU
		{5C26D31C-F802-4B03-A426-27DF657F87A3}.Debug|Any CPU.Build.0 = Debug|Any CPU
		{5C26D31C-F802-4B03-A426-27DF657F87A3}.Release|Any CPU.ActiveCfg = Release|Any CPU
		{5C26D31C-F802-4B03-A426-27DF657F87A3}.Release|Any CPU.Build.0 = Release|Any CPU
		{80AFDE33-7C06-4B86-84BD-A48B815DC781}.Debug|Any CPU.ActiveCfg = Debug|Any CPU
		{80AFDE33-7C06-4B86-84BD-A48B815DC781}.Debug|Any CPU.Build.0 = Debug|Any CPU
		{80AFDE33-7C06-4B86-84BD-A48B815DC781}.Release|Any CPU.ActiveCfg = Release|Any CPU
		{80AFDE33-7C06-4B86-84BD-A48B815DC781}.Release|Any CPU.Build.0 = Release|Any CPU
	EndGlobalSection
	GlobalSection(SolutionProperties) = preSolution
		HideSolutionNode = FALSE
	EndGlobalSection
	GlobalSection(NestedProjects) = preSolution
		{66A3A987-2D39-4E22-851A-89D9A2935523} = {8C9B9984-5019-42EB-983B-F9CB9A2EC3DE}
		{68CE29A1-67C6-40F7-B056-17D20EBEF649} = {8C9B9984-5019-42EB-983B-F9CB9A2EC3DE}
		{3CCE9936-6100-4386-9407-77F1F805DA48} = {146A0C72-FD98-41D3-99B6-5B450ECFDB42}
		{5A4BF3A7-83B1-473C-B0CD-24BDAD9BE524} = {FB5378A2-B86B-4A37-8855-CDF64D3807EA}
		{63ACBA23-6C26-4031-9A26-6179DC87E481} = {146A0C72-FD98-41D3-99B6-5B450ECFDB42}
		{13A58DB1-A4EA-4BDA-9C35-24EDB201F357} = {146A0C72-FD98-41D3-99B6-5B450ECFDB42}
		{E7BBA38A-9EFD-4497-8A83-70D3B09998FE} = {146A0C72-FD98-41D3-99B6-5B450ECFDB42}
		{42ED980D-EE41-417C-A95F-FD0EBEA50AFD} = {E29BD0B7-4EDE-43CF-9935-EBC9AF9BE92B}
		{54FEE519-BBEF-46D5-9774-807CD12A475F} = {FB5378A2-B86B-4A37-8855-CDF64D3807EA}
		{5BC3C686-D9F7-4F7A-86D2-601505E7B7BC} = {E29BD0B7-4EDE-43CF-9935-EBC9AF9BE92B}
		{5C26D31C-F802-4B03-A426-27DF657F87A3} = {146A0C72-FD98-41D3-99B6-5B450ECFDB42}
		{80AFDE33-7C06-4B86-84BD-A48B815DC781} = {146A0C72-FD98-41D3-99B6-5B450ECFDB42}
	EndGlobalSection
	GlobalSection(ExtensibilityGlobals) = postSolution
		SolutionGuid = {85E2E13D-8E6C-49B1-A14B-57C5CF7FE514}
	EndGlobalSection
EndGlobal
