
Microsoft Visual Studio Solution File, Format Version 12.00
# Visual Studio Version 16
VisualStudioVersion = 16.0.29306.81
MinimumVisualStudioVersion = 10.0.40219.1
Project("{9A19103F-16F7-4668-BE54-9A1E7A4F7556}") = "DtoEntities", "Entities\DtoEntities.csproj", "{66A3A987-2D39-4E22-851A-89D9A2935523}"
EndProject
Project("{9A19103F-16F7-4668-BE54-9A1E7A4F7556}") = "Host", "Host\Host.csproj", "{68CE29A1-67C6-40F7-B056-17D20EBEF649}"
EndProject
Project("{9A19103F-16F7-4668-BE54-9A1E7A4F7556}") = "DataEntities", "DataEntities\DataEntities.csproj", "{3CCE9936-6100-4386-9407-77F1F805DA48}"
EndProject
Project("{FAE04EC0-301F-11D3-BF4B-00C04F79EFBC}") = "Logic", "Logic\Logic.csproj", "{5A4BF3A7-83B1-473C-B0CD-24BDAD9BE524}"
EndProject
Global
	GlobalSection(SolutionConfigurationPlatforms) = preSolution
		Debug|Any CPU = Debug|Any CPU
		Release|Any CPU = Release|Any CPU
	EndGlobalSection
	GlobalSection(ProjectConfigurationPlatforms) = postSolution
		{66A3A987-2D39-4E22-851A-89D9A2935523}.Debug|Any CPU.ActiveCfg = Debug|Any CPU
		{66A3A987-2D39-4E22-851A-89D9A2935523}.Debug|Any CPU.Build.0 = Debug|Any CPU
		{66A3A987-2D39-4E22-851A-89D9A2935523}.Release|Any CPU.ActiveCfg = Release|Any CPU
		{66A3A987-2D39-4E22-851A-89D9A2935523}.Release|Any CPU.Build.0 = Release|Any CPU
		{68CE29A1-67C6-40F7-B056-17D20EBEF649}.Debug|Any CPU.ActiveCfg = Debug|Any CPU
		{68CE29A1-67C6-40F7-B056-17D20EBEF649}.Debug|Any CPU.Build.0 = Debug|Any CPU
		{68CE29A1-67C6-40F7-B056-17D20EBEF649}.Release|Any CPU.ActiveCfg = Release|Any CPU
		{68CE29A1-67C6-40F7-B056-17D20EBEF649}.Release|Any CPU.Build.0 = Release|Any CPU
		{3CCE9936-6100-4386-9407-77F1F805DA48}.Debug|Any CPU.ActiveCfg = Debug|Any CPU
		{3CCE9936-6100-4386-9407-77F1F805DA48}.Debug|Any CPU.Build.0 = Debug|Any CPU
		{3CCE9936-6100-4386-9407-77F1F805DA48}.Release|Any CPU.ActiveCfg = Release|Any CPU
		{3CCE9936-6100-4386-9407-77F1F805DA48}.Release|Any CPU.Build.0 = Release|Any CPU
		{5A4BF3A7-83B1-473C-B0CD-24BDAD9BE524}.Debug|Any CPU.ActiveCfg = Debug|Any CPU
		{5A4BF3A7-83B1-473C-B0CD-24BDAD9BE524}.Debug|Any CPU.Build.0 = Debug|Any CPU
		{5A4BF3A7-83B1-473C-B0CD-24BDAD9BE524}.Release|Any CPU.ActiveCfg = Release|Any CPU
		{5A4BF3A7-83B1-473C-B0CD-24BDAD9BE524}.Release|Any CPU.Build.0 = Release|Any CPU
	EndGlobalSection
	GlobalSection(SolutionProperties) = preSolution
		HideSolutionNode = FALSE
	EndGlobalSection
	GlobalSection(ExtensibilityGlobals) = postSolution
		SolutionGuid = {85E2E13D-8E6C-49B1-A14B-57C5CF7FE514}
	EndGlobalSection
EndGlobal
